<?xml version="1.0" encoding="utf-8"?>
<Project ToolsVersion="4.0" xmlns="http://schemas.microsoft.com/developer/msbuild/2003">
  <ItemGroup>
    <Filter Include="Include">
      <UniqueIdentifier>{93995380-89BD-4b04-88EB-625FBE52EBFB}</UniqueIdentifier>
      <Extensions>h;hh;hpp;hxx;h++;hm;inl;inc;ipp;xsd</Extensions>
    </Filter>
    <Filter Include="Source">
      <UniqueIdentifier>{4FC737F1-C7A5-4376-A066-2A32D752A2FF}</UniqueIdentifier>
      <Extensions>cpp;c;cc;cxx;c++;cppm;ixx;def;odl;idl;hpj;bat;asm;asmx</Extensions>
    </Filter>
    <Filter Include="Source\Core">
      <UniqueIdentifier>{95f8b7d9-09e7-4061-be80-74b5ce0e8cf6}</UniqueIdentifier>
    </Filter>
    <Filter Include="Source\Render">
      <UniqueIdentifier>{eaafa797-9509-4bc2-a73c-93b23874a400}</UniqueIdentifier>
    </Filter>
    <Filter Include="Source\Input">
      <UniqueIdentifier>{cffd164b-a162-4bf1-bf82-201e30d869dc}</UniqueIdentifier>
    </Filter>
    <Filter Include="Source\Audio">
      <UniqueIdentifier>{0bdde1fe-f847-4afe-8a03-8904f205ac3b}</UniqueIdentifier>
    </Filter>
    <Filter Include="Source\Math">
      <UniqueIdentifier>{81b51b61-8807-41fc-92d7-7a5a0b248650}</UniqueIdentifier>
    </Filter>
  </ItemGroup>
  <ItemGroup>
    <ClCompile Include="Engine.cpp">
      <Filter>Source</Filter>
    </ClCompile>
    <ClCompile Include="Renderer\rendeder.cpp">
      <Filter>Source</Filter>
    </ClCompile>
    <ClCompile Include="core\Time.cpp">
      <Filter>Source</Filter>
    </ClCompile>
    <ClCompile Include="Input\InputSystem.cpp">
      <Filter>Source\Input</Filter>
    </ClCompile>
    <ClCompile Include="Audio\AudioSystem.cpp">
      <Filter>Source\Audio</Filter>
    </ClCompile>
  </ItemGroup>
  <ItemGroup>
    <ClInclude Include="core\Time.h">
      <Filter>Source\Core</Filter>
    </ClInclude>
    <ClInclude Include="core\random.h">
      <Filter>Source\Core</Filter>
    </ClInclude>
    <ClInclude Include="Math\math.h">
      <Filter>Source\Math</Filter>
    </ClInclude>
    <ClInclude Include="core\file.h">
      <Filter>Source\Core</Filter>
    </ClInclude>
    <ClInclude Include="Renderer\rendeder.h">
      <Filter>Source\Render</Filter>
    </ClInclude>
    <ClInclude Include="Math\vector2.h">
      <Filter>Source\Math</Filter>
    </ClInclude>
    <ClInclude Include="Input\Inputsystem.h">
      <Filter>Source\Input</Filter>
    </ClInclude>
    <ClInclude Include="vector3.h">
      <Filter>Source\Math</Filter>
    </ClInclude>
    <ClInclude Include="Audio\AudioSystem.h">
      <Filter>Source\Audio</Filter>
    </ClInclude>
    <ClInclude Include="core\StringHelper.h">
      <Filter>Source\Core</Filter>
    </ClInclude>
  </ItemGroup>
</Project>